// !$*UTF8*$!
{
	archiveVersion = 1;
	classes = {
	};
	objectVersion = 55;
	objects = {

/* Begin PBXBuildFile section */
		8D3B1BB327E650D300D57266 /* AppDelegate.swift in Sources */ = {isa = PBXBuildFile; fileRef = 8D3B1BB227E650D300D57266 /* AppDelegate.swift */; };
		8D3B1BB527E650D300D57266 /* SceneDelegate.swift in Sources */ = {isa = PBXBuildFile; fileRef = 8D3B1BB427E650D300D57266 /* SceneDelegate.swift */; };
		8D3B1BB727E650D300D57266 /* ViewController.swift in Sources */ = {isa = PBXBuildFile; fileRef = 8D3B1BB627E650D300D57266 /* ViewController.swift */; };
		8D3B1BBA27E650D300D57266 /* Main.storyboard in Resources */ = {isa = PBXBuildFile; fileRef = 8D3B1BB827E650D300D57266 /* Main.storyboard */; };
		8D3B1BBC27E650DC00D57266 /* Assets.xcassets in Resources */ = {isa = PBXBuildFile; fileRef = 8D3B1BBB27E650DC00D57266 /* Assets.xcassets */; };
		8D3B1BBF27E650DC00D57266 /* LaunchScreen.storyboard in Resources */ = {isa = PBXBuildFile; fileRef = 8D3B1BBD27E650DC00D57266 /* LaunchScreen.storyboard */; };
		8D3B1BCA27E650DD00D57266 /* RandomPhotoTests.swift in Sources */ = {isa = PBXBuildFile; fileRef = 8D3B1BC927E650DD00D57266 /* RandomPhotoTests.swift */; };
		8D3B1BD427E650DD00D57266 /* RandomPhotoUITests.swift in Sources */ = {isa = PBXBuildFile; fileRef = 8D3B1BD327E650DD00D57266 /* RandomPhotoUITests.swift */; };
		8D3B1BD627E650DD00D57266 /* RandomPhotoUITestsLaunchTests.swift in Sources */ = {isa = PBXBuildFile; fileRef = 8D3B1BD527E650DD00D57266 /* RandomPhotoUITestsLaunchTests.swift */; };
/* End PBXBuildFile section */

/* Begin PBXContainerItemProxy section */
		8D3B1BC627E650DD00D57266 /* PBXContainerItemProxy */ = {
			isa = PBXContainerItemProxy;
			containerPortal = 8D3B1BA727E650D300D57266 /* Project object */;
			proxyType = 1;
			remoteGlobalIDString = 8D3B1BAE27E650D300D57266;
			remoteInfo = RandomPhoto;
		};
		8D3B1BD027E650DD00D57266 /* PBXContainerItemProxy */ = {
			isa = PBXContainerItemProxy;
			containerPortal = 8D3B1BA727E650D300D57266 /* Project object */;
			proxyType = 1;
			remoteGlobalIDString = 8D3B1BAE27E650D300D57266;
			remoteInfo = RandomPhoto;
		};
/* End PBXContainerItemProxy section */

/* Begin PBXFileReference section */
		8D3B1BAF27E650D300D57266 /* RandomPhoto.app */ = {isa = PBXFileReference; explicitFileType = wrapper.application; includeInIndex = 0; path = RandomPhoto.app; sourceTree = BUILT_PRODUCTS_DIR; };
		8D3B1BB227E650D300D57266 /* AppDelegate.swift */ = {isa = PBXFileReference; lastKnownFileType = sourcecode.swift; path = AppDelegate.swift; sourceTree = "<group>"; };
		8D3B1BB427E650D300D57266 /* SceneDelegate.swift */ = {isa = PBXFileReference; lastKnownFileType = sourcecode.swift; path = SceneDelegate.swift; sourceTree = "<group>"; };
		8D3B1BB627E650D300D57266 /* ViewController.swift */ = {isa = PBXFileReference; lastKnownFileType = sourcecode.swift; path = ViewController.swift; sourceTree = "<group>"; };
		8D3B1BB927E650D300D57266 /* Base */ = {isa = PBXFileReference; lastKnownFileType = file.storyboard; name = Base; path = Base.lproj/Main.storyboard; sourceTree = "<group>"; };
		8D3B1BBB27E650DC00D57266 /* Assets.xcassets */ = {isa = PBXFileReference; lastKnownFileType = folder.assetcatalog; path = Assets.xcassets; sourceTree = "<group>"; };
		8D3B1BBE27E650DC00D57266 /* Base */ = {isa = PBXFileReference; lastKnownFileType = file.storyboard; name = Base; path = Base.lproj/LaunchScreen.storyboard; sourceTree = "<group>"; };
		8D3B1BC027E650DC00D57266 /* Info.plist */ = {isa = PBXFileReference; lastKnownFileType = text.plist.xml; path = Info.plist; sourceTree = "<group>"; };
		8D3B1BC527E650DD00D57266 /* RandomPhotoTests.xctest */ = {isa = PBXFileReference; explicitFileType = wrapper.cfbundle; includeInIndex = 0; path = RandomPhotoTests.xctest; sourceTree = BUILT_PRODUCTS_DIR; };
		8D3B1BC927E650DD00D57266 /* RandomPhotoTests.swift */ = {isa = PBXFileReference; lastKnownFileType = sourcecode.swift; path = RandomPhotoTests.swift; sourceTree = "<group>"; };
		8D3B1BCF27E650DD00D57266 /* RandomPhotoUITests.xctest */ = {isa = PBXFileReference; explicitFileType = wrapper.cfbundle; includeInIndex = 0; path = RandomPhotoUITests.xctest; sourceTree = BUILT_PRODUCTS_DIR; };
		8D3B1BD327E650DD00D57266 /* RandomPhotoUITests.swift */ = {isa = PBXFileReference; lastKnownFileType = sourcecode.swift; path = RandomPhotoUITests.swift; sourceTree = "<group>"; };
		8D3B1BD527E650DD00D57266 /* RandomPhotoUITestsLaunchTests.swift */ = {isa = PBXFileReference; lastKnownFileType = sourcecode.swift; path = RandomPhotoUITestsLaunchTests.swift; sourceTree = "<group>"; };
/* End PBXFileReference section */

/* Begin PBXFrameworksBuildPhase section */
		8D3B1BAC27E650D300D57266 /* Frameworks */ = {
			isa = PBXFrameworksBuildPhase;
			buildActionMask = 2147483647;
			files = (
			);
			runOnlyForDeploymentPostprocessing = 0;
		};
		8D3B1BC227E650DD00D57266 /* Frameworks */ = {
			isa = PBXFrameworksBuildPhase;
			buildActionMask = 2147483647;
			files = (
			);
			runOnlyForDeploymentPostprocessing = 0;
		};
		8D3B1BCC27E650DD00D57266 /* Frameworks */ = {
			isa = PBXFrameworksBuildPhase;
			buildActionMask = 2147483647;
			files = (
			);
			runOnlyForDeploymentPostprocessing = 0;
		};
/* End PBXFrameworksBuildPhase section */

/* Begin PBXGroup section */
		8D3B1BA627E650D300D57266 = {
			isa = PBXGroup;
			children = (
				8D3B1BB127E650D300D57266 /* RandomPhoto */,
				8D3B1BC827E650DD00D57266 /* RandomPhotoTests */,
				8D3B1BD227E650DD00D57266 /* RandomPhotoUITests */,
				8D3B1BB027E650D300D57266 /* Products */,
			);
			sourceTree = "<group>";
		};
		8D3B1BB027E650D300D57266 /* Products */ = {
			isa = PBXGroup;
			children = (
				8D3B1BAF27E650D300D57266 /* RandomPhoto.app */,
				8D3B1BC527E650DD00D57266 /* RandomPhotoTests.xctest */,
				8D3B1BCF27E650DD00D57266 /* RandomPhotoUITests.xctest */,
			);
			name = Products;
			sourceTree = "<group>";
		};
		8D3B1BB127E650D300D57266 /* RandomPhoto */ = {
			isa = PBXGroup;
			children = (
				8D3B1BB227E650D300D57266 /* AppDelegate.swift */,
				8D3B1BB427E650D300D57266 /* SceneDelegate.swift */,
				8D3B1BB627E650D300D57266 /* ViewController.swift */,
				8D3B1BB827E650D300D57266 /* Main.storyboard */,
				8D3B1BBB27E650DC00D57266 /* Assets.xcassets */,
				8D3B1BBD27E650DC00D57266 /* LaunchScreen.storyboard */,
				8D3B1BC027E650DC00D57266 /* Info.plist */,
			);
			path = RandomPhoto;
			sourceTree = "<group>";
		};
		8D3B1BC827E650DD00D57266 /* RandomPhotoTests */ = {
			isa = PBXGroup;
			children = (
				8D3B1BC927E650DD00D57266 /* RandomPhotoTests.swift */,
			);
			path = RandomPhotoTests;
			sourceTree = "<group>";
		};
		8D3B1BD227E650DD00D57266 /* RandomPhotoUITests */ = {
			isa = PBXGroup;
			children = (
				8D3B1BD327E650DD00D57266 /* RandomPhotoUITests.swift */,
				8D3B1BD527E650DD00D57266 /* RandomPhotoUITestsLaunchTests.swift */,
			);
			path = RandomPhotoUITests;
			sourceTree = "<group>";
		};
/* End PBXGroup section */

/* Begin PBXNativeTarget section */
		8D3B1BAE27E650D300D57266 /* RandomPhoto */ = {
			isa = PBXNativeTarget;
			buildConfigurationList = 8D3B1BD927E650DD00D57266 /* Build configuration list for PBXNativeTarget "RandomPhoto" */;
			buildPhases = (
				8D3B1BAB27E650D300D57266 /* Sources */,
				8D3B1BAC27E650D300D57266 /* Frameworks */,
				8D3B1BAD27E650D300D57266 /* Resources */,
			);
			buildRules = (
			);
			dependencies = (
			);
			name = RandomPhoto;
			productName = RandomPhoto;
			productReference = 8D3B1BAF27E650D300D57266 /* RandomPhoto.app */;
			productType = "com.apple.product-type.application";
		};
		8D3B1BC427E650DD00D57266 /* RandomPhotoTests */ = {
			isa = PBXNativeTarget;
			buildConfigurationList = 8D3B1BDC27E650DD00D57266 /* Build configuration list for PBXNativeTarget "RandomPhotoTests" */;
			buildPhases = (
				8D3B1BC127E650DD00D57266 /* Sources */,
				8D3B1BC227E650DD00D57266 /* Frameworks */,
				8D3B1BC327E650DD00D57266 /* Resources */,
			);
			buildRules = (
			);
			dependencies = (
				8D3B1BC727E650DD00D57266 /* PBXTargetDependency */,
			);
			name = RandomPhotoTests;
			productName = RandomPhotoTests;
			productReference = 8D3B1BC527E650DD00D57266 /* RandomPhotoTests.xctest */;
			productType = "com.apple.product-type.bundle.unit-test";
		};
		8D3B1BCE27E650DD00D57266 /* RandomPhotoUITests */ = {
			isa = PBXNativeTarget;
			buildConfigurationList = 8D3B1BDF27E650DD00D57266 /* Build configuration list for PBXNativeTarget "RandomPhotoUITests" */;
			buildPhases = (
				8D3B1BCB27E650DD00D57266 /* Sources */,
				8D3B1BCC27E650DD00D57266 /* Frameworks */,
				8D3B1BCD27E650DD00D57266 /* Resources */,
			);
			buildRules = (
			);
			dependencies = (
				8D3B1BD127E650DD00D57266 /* PBXTargetDependency */,
			);
			name = RandomPhotoUITests;
			productName = RandomPhotoUITests;
			productReference = 8D3B1BCF27E650DD00D57266 /* RandomPhotoUITests.xctest */;
			productType = "com.apple.product-type.bundle.ui-testing";
		};
/* End PBXNativeTarget section */

/* Begin PBXProject section */
		8D3B1BA727E650D300D57266 /* Project object */ = {
			isa = PBXProject;
			attributes = {
				BuildIndependentTargetsInParallel = 1;
				LastSwiftUpdateCheck = 1330;
				LastUpgradeCheck = 1330;
				TargetAttributes = {
					8D3B1BAE27E650D300D57266 = {
						CreatedOnToolsVersion = 13.3;
					};
					8D3B1BC427E650DD00D57266 = {
						CreatedOnToolsVersion = 13.3;
						TestTargetID = 8D3B1BAE27E650D300D57266;
					};
					8D3B1BCE27E650DD00D57266 = {
						CreatedOnToolsVersion = 13.3;
						TestTargetID = 8D3B1BAE27E650D300D57266;
					};
				};
			};
			buildConfigurationList = 8D3B1BAA27E650D300D57266 /* Build configuration list for PBXProject "RandomPhoto" */;
			compatibilityVersion = "Xcode 13.0";
			developmentRegion = en;
			hasScannedForEncodings = 0;
			knownRegions = (
				en,
				Base,
			);
			mainGroup = 8D3B1BA627E650D300D57266;
			productRefGroup = 8D3B1BB027E650D300D57266 /* Products */;
			projectDirPath = "";
			projectRoot = "";
			targets = (
				8D3B1BAE27E650D300D57266 /* RandomPhoto */,
				8D3B1BC427E650DD00D57266 /* RandomPhotoTests */,
				8D3B1BCE27E650DD00D57266 /* RandomPhotoUITests */,
			);
		};
/* End PBXProject section */

/* Begin PBXResourcesBuildPhase section */
		8D3B1BAD27E650D300D57266 /* Resources */ = {
			isa = PBXResourcesBuildPhase;
			buildActionMask = 2147483647;
			files = (
				8D3B1BBF27E650DC00D57266 /* LaunchScreen.storyboard in Resources */,
				8D3B1BBC27E650DC00D57266 /* Assets.xcassets in Resources */,
				8D3B1BBA27E650D300D57266 /* Main.storyboard in Resources */,
			);
			runOnlyForDeploymentPostprocessing = 0;
		};
		8D3B1BC327E650DD00D57266 /* Resources */ = {
			isa = PBXResourcesBuildPhase;
			buildActionMask = 2147483647;
			files = (
			);
			runOnlyForDeploymentPostprocessing = 0;
		};
		8D3B1BCD27E650DD00D57266 /* Resources */ = {
			isa = PBXResourcesBuildPhase;
			buildActionMask = 2147483647;
			files = (
			);
			runOnlyForDeploymentPostprocessing = 0;
		};
/* End PBXResourcesBuildPhase section */

/* Begin PBXSourcesBuildPhase section */
		8D3B1BAB27E650D300D57266 /* Sources */ = {
			isa = PBXSourcesBuildPhase;
			buildActionMask = 2147483647;
			files = (
				8D3B1BB727E650D300D57266 /* ViewController.swift in Sources */,
				8D3B1BB327E650D300D57266 /* AppDelegate.swift in Sources */,
				8D3B1BB527E650D300D57266 /* SceneDelegate.swift in Sources */,
			);
			runOnlyForDeploymentPostprocessing = 0;
		};
		8D3B1BC127E650DD00D57266 /* Sources */ = {
			isa = PBXSourcesBuildPhase;
			buildActionMask = 2147483647;
			files = (
				8D3B1BCA27E650DD00D57266 /* RandomPhotoTests.swift in Sources */,
			);
			runOnlyForDeploymentPostprocessing = 0;
		};
		8D3B1BCB27E650DD00D57266 /* Sources */ = {
			isa = PBXSourcesBuildPhase;
			buildActionMask = 2147483647;
			files = (
				8D3B1BD627E650DD00D57266 /* RandomPhotoUITestsLaunchTests.swift in Sources */,
				8D3B1BD427E650DD00D57266 /* RandomPhotoUITests.swift in Sources */,
			);
			runOnlyForDeploymentPostprocessing = 0;
		};
/* End PBXSourcesBuildPhase section */

/* Begin PBXTargetDependency section */
		8D3B1BC727E650DD00D57266 /* PBXTargetDependency */ = {
			isa = PBXTargetDependency;
			target = 8D3B1BAE27E650D300D57266 /* RandomPhoto */;
			targetProxy = 8D3B1BC627E650DD00D57266 /* PBXContainerItemProxy */;
		};
		8D3B1BD127E650DD00D57266 /* PBXTargetDependency */ = {
			isa = PBXTargetDependency;
			target = 8D3B1BAE27E650D300D57266 /* RandomPhoto */;
			targetProxy = 8D3B1BD027E650DD00D57266 /* PBXContainerItemProxy */;
		};
/* End PBXTargetDependency section */

/* Begin PBXVariantGroup section */
		8D3B1BB827E650D300D57266 /* Main.storyboard */ = {
			isa = PBXVariantGroup;
			children = (
				8D3B1BB927E650D300D57266 /* Base */,
			);
			name = Main.storyboard;
			sourceTree = "<group>";
		};
		8D3B1BBD27E650DC00D57266 /* LaunchScreen.storyboard */ = {
			isa = PBXVariantGroup;
			children = (
				8D3B1BBE27E650DC00D57266 /* Base */,
			);
			name = LaunchScreen.storyboard;
			sourceTree = "<group>";
		};
/* End PBXVariantGroup section */

/* Begin XCBuildConfiguration section */
		8D3B1BD727E650DD00D57266 /* Debug */ = {
			isa = XCBuildConfiguration;
			buildSettings = {
				ALWAYS_SEARCH_USER_PATHS = NO;
				CLANG_ANALYZER_NONNULL = YES;
				CLANG_ANALYZER_NUMBER_OBJECT_CONVERSION = YES_AGGRESSIVE;
				CLANG_CXX_LANGUAGE_STANDARD = "gnu++17";
				CLANG_ENABLE_MODULES = YES;
				CLANG_ENABLE_OBJC_ARC = YES;
				CLANG_ENABLE_OBJC_WEAK = YES;
				CLANG_WARN_BLOCK_CAPTURE_AUTORELEASING = YES;
				CLANG_WARN_BOOL_CONVERSION = YES;
				CLANG_WARN_COMMA = YES;
				CLANG_WARN_CONSTANT_CONVERSION = YES;
				CLANG_WARN_DEPRECATED_OBJC_IMPLEMENTATIONS = YES;
				CLANG_WARN_DIRECT_OBJC_ISA_USAGE = YES_ERROR;
				CLANG_WARN_DOCUMENTATION_COMMENTS = YES;
				CLANG_WARN_EMPTY_BODY = YES;
				CLANG_WARN_ENUM_CONVERSION = YES;
				CLANG_WARN_INFINITE_RECURSION = YES;
				CLANG_WARN_INT_CONVERSION = YES;
				CLANG_WARN_NON_LITERAL_NULL_CONVERSION = YES;
				CLANG_WARN_OBJC_IMPLICIT_RETAIN_SELF = YES;
				CLANG_WARN_OBJC_LITERAL_CONVERSION = YES;
				CLANG_WARN_OBJC_ROOT_CLASS = YES_ERROR;
				CLANG_WARN_QUOTED_INCLUDE_IN_FRAMEWORK_HEADER = YES;
				CLANG_WARN_RANGE_LOOP_ANALYSIS = YES;
				CLANG_WARN_STRICT_PROTOTYPES = YES;
				CLANG_WARN_SUSPICIOUS_MOVE = YES;
				CLANG_WARN_UNGUARDED_AVAILABILITY = YES_AGGRESSIVE;
				CLANG_WARN_UNREACHABLE_CODE = YES;
				CLANG_WARN__DUPLICATE_METHOD_MATCH = YES;
				COPY_PHASE_STRIP = NO;
				DEBUG_INFORMATION_FORMAT = dwarf;
				ENABLE_STRICT_OBJC_MSGSEND = YES;
				ENABLE_TESTABILITY = YES;
				GCC_C_LANGUAGE_STANDARD = gnu11;
				GCC_DYNAMIC_NO_PIC = NO;
				GCC_NO_COMMON_BLOCKS = YES;
				GCC_OPTIMIZATION_LEVEL = 0;
				GCC_PREPROCESSOR_DEFINITIONS = (
					"DEBUG=1",
					"$(inherited)",
				);
				GCC_WARN_64_TO_32_BIT_CONVERSION = YES;
				GCC_WARN_ABOUT_RETURN_TYPE = YES_ERROR;
				GCC_WARN_UNDECLARED_SELECTOR = YES;
				GCC_WARN_UNINITIALIZED_AUTOS = YES_AGGRESSIVE;
				GCC_WARN_UNUSED_FUNCTION = YES;
				GCC_WARN_UNUSED_VARIABLE = YES;
				IPHONEOS_DEPLOYMENT_TARGET = 15.4;
				MTL_ENABLE_DEBUG_INFO = INCLUDE_SOURCE;
				MTL_FAST_MATH = YES;
				ONLY_ACTIVE_ARCH = YES;
				SDKROOT = iphoneos;
				SWIFT_ACTIVE_COMPILATION_CONDITIONS = DEBUG;
				SWIFT_OPTIMIZATION_LEVEL = "-Onone";
			};
			name = Debug;
		};
		8D3B1BD827E650DD00D57266 /* Release */ = {
			isa = XCBuildConfiguration;
			buildSettings = {
				ALWAYS_SEARCH_USER_PATHS = NO;
				CLANG_ANALYZER_NONNULL = YES;
				CLANG_ANALYZER_NUMBER_OBJECT_CONVERSION = YES_AGGRESSIVE;
				CLANG_CXX_LANGUAGE_STANDARD = "gnu++17";
				CLANG_ENABLE_MODULES = YES;
				CLANG_ENABLE_OBJC_ARC = YES;
				CLANG_ENABLE_OBJC_WEAK = YES;
				CLANG_WARN_BLOCK_CAPTURE_AUTORELEASING = YES;
				CLANG_WARN_BOOL_CONVERSION = YES;
				CLANG_WARN_COMMA = YES;
				CLANG_WARN_CONSTANT_CONVERSION = YES;
				CLANG_WARN_DEPRECATED_OBJC_IMPLEMENTATIONS = YES;
				CLANG_WARN_DIRECT_OBJC_ISA_USAGE = YES_ERROR;
				CLANG_WARN_DOCUMENTATION_COMMENTS = YES;
				CLANG_WARN_EMPTY_BODY = YES;
				CLANG_WARN_ENUM_CONVERSION = YES;
				CLANG_WARN_INFINITE_RECURSION = YES;
				CLANG_WARN_INT_CONVERSION = YES;
				CLANG_WARN_NON_LITERAL_NULL_CONVERSION = YES;
				CLANG_WARN_OBJC_IMPLICIT_RETAIN_SELF = YES;
				CLANG_WARN_OBJC_LITERAL_CONVERSION = YES;
				CLANG_WARN_OBJC_ROOT_CLASS = YES_ERROR;
				CLANG_WARN_QUOTED_INCLUDE_IN_FRAMEWORK_HEADER = YES;
				CLANG_WARN_RANGE_LOOP_ANALYSIS = YES;
				CLANG_WARN_STRICT_PROTOTYPES = YES;
				CLANG_WARN_SUSPICIOUS_MOVE = YES;
				CLANG_WARN_UNGUARDED_AVAILABILITY = YES_AGGRESSIVE;
				CLANG_WARN_UNREACHABLE_CODE = YES;
				CLANG_WARN__DUPLICATE_METHOD_MATCH = YES;
				COPY_PHASE_STRIP = NO;
				DEBUG_INFORMATION_FORMAT = "dwarf-with-dsym";
				ENABLE_NS_ASSERTIONS = NO;
				ENABLE_STRICT_OBJC_MSGSEND = YES;
				GCC_C_LANGUAGE_STANDARD = gnu11;
				GCC_NO_COMMON_BLOCKS = YES;
				GCC_WARN_64_TO_32_BIT_CONVERSION = YES;
				GCC_WARN_ABOUT_RETURN_TYPE = YES_ERROR;
				GCC_WARN_UNDECLARED_SELECTOR = YES;
				GCC_WARN_UNINITIALIZED_AUTOS = YES_AGGRESSIVE;
				GCC_WARN_UNUSED_FUNCTION = YES;
				GCC_WARN_UNUSED_VARIABLE = YES;
				IPHONEOS_DEPLOYMENT_TARGET = 15.4;
				MTL_ENABLE_DEBUG_INFO = NO;
				MTL_FAST_MATH = YES;
				SDKROOT = iphoneos;
				SWIFT_COMPILATION_MODE = wholemodule;
				SWIFT_OPTIMIZATION_LEVEL = "-O";
				VALIDATE_PRODUCT = YES;
			};
			name = Release;
		};
		8D3B1BDA27E650DD00D57266 /* Debug */ = {
			isa = XCBuildConfiguration;
			buildSettings = {
				ASSETCATALOG_COMPILER_APPICON_NAME = AppIcon;
				ASSETCATALOG_COMPILER_GLOBAL_ACCENT_COLOR_NAME = AccentColor;
				CODE_SIGN_STYLE = Automatic;
				CURRENT_PROJECT_VERSION = 1;
				GENERATE_INFOPLIST_FILE = YES;
				INFOPLIST_FILE = RandomPhoto/Info.plist;
				INFOPLIST_KEY_UIApplicationSupportsIndirectInputEvents = YES;
				INFOPLIST_KEY_UILaunchStoryboardName = LaunchScreen;
				INFOPLIST_KEY_UIMainStoryboardFile = Main;
				INFOPLIST_KEY_UISupportedInterfaceOrientations_iPad = "UIInterfaceOrientationPortrait UIInterfaceOrientationPortraitUpsideDown UIInterfaceOrientationLandscapeLeft UIInterfaceOrientationLandscapeRight";
				INFOPLIST_KEY_UISupportedInterfaceOrientations_iPhone = "UIInterfaceOrientationPortrait UIInterfaceOrientationLandscapeLeft UIInterfaceOrientationLandscapeRight";
				LD_RUNPATH_SEARCH_PATHS = (
					"$(inherited)",
					"@executable_path/Frameworks",
				);
				MARKETING_VERSION = 1.0;
				PRODUCT_BUNDLE_IDENTIFIER = wolf.RandomPhoto;
				PRODUCT_NAME = "$(TARGET_NAME)";
				SWIFT_EMIT_LOC_STRINGS = YES;
				SWIFT_VERSION = 5.0;
				TARGETED_DEVICE_FAMILY = "1,2";
			};
			name = Debug;
		};
		8D3B1BDB27E650DD00D57266 /* Release */ = {
			isa = XCBuildConfiguration;
			buildSettings = {
				ASSETCATALOG_COMPILER_APPICON_NAME = AppIcon;
				ASSETCATALOG_COMPILER_GLOBAL_ACCENT_COLOR_NAME = AccentColor;
				CODE_SIGN_STYLE = Automatic;
				CURRENT_PROJECT_VERSION = 1;
				GENERATE_INFOPLIST_FILE = YES;
				INFOPLIST_FILE = RandomPhoto/Info.plist;
				INFOPLIST_KEY_UIApplicationSupportsIndirectInputEvents = YES;
				INFOPLIST_KEY_UILaunchStoryboardName = LaunchScreen;
				INFOPLIST_KEY_UIMainStoryboardFile = Main;
				INFOPLIST_KEY_UISupportedInterfaceOrientations_iPad = "UIInterfaceOrientationPortrait UIInterfaceOrientationPortraitUpsideDown UIInterfaceOrientationLandscapeLeft UIInterfaceOrientationLandscapeRight";
				INFOPLIST_KEY_UISupportedInterfaceOrientations_iPhone = "UIInterfaceOrientationPortrait UIInterfaceOrientationLandscapeLeft UIInterfaceOrientationLandscapeRight";
				LD_RUNPATH_SEARCH_PATHS = (
					"$(inherited)",
					"@executable_path/Frameworks",
				);
				MARKETING_VERSION = 1.0;
				PRODUCT_BUNDLE_IDENTIFIER = wolf.RandomPhoto;
				PRODUCT_NAME = "$(TARGET_NAME)";
				SWIFT_EMIT_LOC_STRINGS = YES;
				SWIFT_VERSION = 5.0;
				TARGETED_DEVICE_FAMILY = "1,2";
			};
			name = Release;
		};
		8D3B1BDD27E650DD00D57266 /* Debug */ = {
			isa = XCBuildConfiguration;
			buildSettings = {
				ALWAYS_EMBED_SWIFT_STANDARD_LIBRARIES = YES;
				BUNDLE_LOADER = "$(TEST_HOST)";
				CODE_SIGN_STYLE = Automatic;
				CURRENT_PROJECT_VERSION = 1;
				GENERATE_INFOPLIST_FILE = YES;
				IPHONEOS_DEPLOYMENT_TARGET = 15.4;
				MARKETING_VERSION = 1.0;
				PRODUCT_BUNDLE_IDENTIFIER = wolf.RandomPhotoTests;
				PRODUCT_NAME = "$(TARGET_NAME)";
				SWIFT_EMIT_LOC_STRINGS = NO;
				SWIFT_VERSION = 5.0;
				TARGETED_DEVICE_FAMILY = "1,2";
				TEST_HOST = "$(BUILT_PRODUCTS_DIR)/RandomPhoto.app/RandomPhoto";
			};
			name = Debug;
		};
		8D3B1BDE27E650DD00D57266 /* Release */ = {
			isa = XCBuildConfiguration;
			buildSettings = {
				ALWAYS_EMBED_SWIFT_STANDARD_LIBRARIES = YES;
				BUNDLE_LOADER = "$(TEST_HOST)";
				CODE_SIGN_STYLE = Automatic;
				CURRENT_PROJECT_VERSION = 1;
				GENERATE_INFOPLIST_FILE = YES;
				IPHONEOS_DEPLOYMENT_TARGET = 15.4;
				MARKETING_VERSION = 1.0;
				PRODUCT_BUNDLE_IDENTIFIER = wolf.RandomPhotoTests;
				PRODUCT_NAME = "$(TARGET_NAME)";
				SWIFT_EMIT_LOC_STRINGS = NO;
				SWIFT_VERSION = 5.0;
				TARGETED_DEVICE_FAMILY = "1,2";
				TEST_HOST = "$(BUILT_PRODUCTS_DIR)/RandomPhoto.app/RandomPhoto";
			};
			name = Release;
		};
		8D3B1BE027E650DD00D57266 /* Debug */ = {
			isa = XCBuildConfiguration;
			buildSettings = {
				ALWAYS_EMBED_SWIFT_STANDARD_LIBRARIES = YES;
				CODE_SIGN_STYLE = Automatic;
				CURRENT_PROJECT_VERSION = 1;
				GENERATE_INFOPLIST_FILE = YES;
				MARKETING_VERSION = 1.0;
				PRODUCT_BUNDLE_IDENTIFIER = wolf.RandomPhotoUITests;
				PRODUCT_NAME = "$(TARGET_NAME)";
				SWIFT_EMIT_LOC_STRINGS = NO;
				SWIFT_VERSION = 5.0;
				TARGETED_DEVICE_FAMILY = "1,2";
				TEST_TARGET_NAME = RandomPhoto;
			};
			name = Debug;
		};
		8D3B1BE127E650DD00D57266 /* Release */ = {
			isa = XCBuildConfiguration;
			buildSettings = {
				ALWAYS_EMBED_SWIFT_STANDARD_LIBRARIES = YES;
				CODE_SIGN_STYLE = Automatic;
				CURRENT_PROJECT_VERSION = 1;
				GENERATE_INFOPLIST_FILE = YES;
				MARKETING_VERSION = 1.0;
				PRODUCT_BUNDLE_IDENTIFIER = wolf.RandomPhotoUITests;
				PRODUCT_NAME = "$(TARGET_NAME)";
				SWIFT_EMIT_LOC_STRINGS = NO;
				SWIFT_VERSION = 5.0;
				TARGETED_DEVICE_FAMILY = "1,2";
				TEST_TARGET_NAME = RandomPhoto;
			};
			name = Release;
		};
/* End XCBuildConfiguration section */

/* Begin XCConfigurationList section */
		8D3B1BAA27E650D300D57266 /* Build configuration list for PBXProject "RandomPhoto" */ = {
			isa = XCConfigurationList;
			buildConfigurations = (
				8D3B1BD727E650DD00D57266 /* Debug */,
				8D3B1BD827E650DD00D57266 /* Release */,
			);
			defaultConfigurationIsVisible = 0;
			defaultConfigurationName = Release;
		};
		8D3B1BD927E650DD00D57266 /* Build configuration list for PBXNativeTarget "RandomPhoto" */ = {
			isa = XCConfigurationList;
			buildConfigurations = (
				8D3B1BDA27E650DD00D57266 /* Debug */,
				8D3B1BDB27E650DD00D57266 /* Release */,
			);
			defaultConfigurationIsVisible = 0;
			defaultConfigurationName = Release;
		};
		8D3B1BDC27E650DD00D57266 /* Build configuration list for PBXNativeTarget "RandomPhotoTests" */ = {
			isa = XCConfigurationList;
			buildConfigurations = (
				8D3B1BDD27E650DD00D57266 /* Debug */,
				8D3B1BDE27E650DD00D57266 /* Release */,
			);
			defaultConfigurationIsVisible = 0;
			defaultConfigurationName = Release;
		};
		8D3B1BDF27E650DD00D57266 /* Build configuration list for PBXNativeTarget "RandomPhotoUITests" */ = {
			isa = XCConfigurationList;
			buildConfigurations = (
				8D3B1BE027E650DD00D57266 /* Debug */,
				8D3B1BE127E650DD00D57266 /* Release */,
			);
			defaultConfigurationIsVisible = 0;
			defaultConfigurationName = Release;
		};
/* End XCConfigurationList section */
	};
	rootObject = 8D3B1BA727E650D300D57266 /* Project object */;
}
